// !$*UTF8*$!
{
	archiveVersion = 1;
	classes = {
	};
	objectVersion = 55;
	objects = {

/* Begin PBXBuildFile section */
		B601AB1127761CA600B57E0F /* AppDelegate.swift in Sources */ = {isa = PBXBuildFile; fileRef = B601AB1027761CA600B57E0F /* AppDelegate.swift */; };
		B601AB1327761CA600B57E0F /* SceneDelegate.swift in Sources */ = {isa = PBXBuildFile; fileRef = B601AB1227761CA600B57E0F /* SceneDelegate.swift */; };
		B601AB1527761CA600B57E0F /* RootViewController.swift in Sources */ = {isa = PBXBuildFile; fileRef = B601AB1427761CA600B57E0F /* RootViewController.swift */; };
		B601AB1A27761CA800B57E0F /* Assets.xcassets in Resources */ = {isa = PBXBuildFile; fileRef = B601AB1927761CA800B57E0F /* Assets.xcassets */; };
		B601AB1D27761CA800B57E0F /* LaunchScreen.storyboard in Resources */ = {isa = PBXBuildFile; fileRef = B601AB1B27761CA800B57E0F /* LaunchScreen.storyboard */; };
		B601AB2727761D4600B57E0F /* DeclarativeUIKit in Frameworks */ = {isa = PBXBuildFile; productRef = B601AB2627761D4600B57E0F /* DeclarativeUIKit */; };
		B63FFA98277B4AE900209684 /* GithubResultWebViewContrller.swift in Sources */ = {isa = PBXBuildFile; fileRef = B63FFA97277B4AE900209684 /* GithubResultWebViewContrller.swift */; };
		B63FFA9A277B4C1400209684 /* GithubResultWebPresenter.swift in Sources */ = {isa = PBXBuildFile; fileRef = B63FFA99277B4C1400209684 /* GithubResultWebPresenter.swift */; };
		B69B2EA6277D6219006F1FF9 /* LandmarkListViewController.swift in Sources */ = {isa = PBXBuildFile; fileRef = B69B2EA5277D6219006F1FF9 /* LandmarkListViewController.swift */; };
		B69B2EA8277D685C006F1FF9 /* LandmarkRow.swift in Sources */ = {isa = PBXBuildFile; fileRef = B69B2EA7277D685C006F1FF9 /* LandmarkRow.swift */; };
		B69B2EAD277D6937006F1FF9 /* Landmark.swift in Sources */ = {isa = PBXBuildFile; fileRef = B69B2EAC277D6937006F1FF9 /* Landmark.swift */; };
		B69B2EAF277D6955006F1FF9 /* ModelData.swift in Sources */ = {isa = PBXBuildFile; fileRef = B69B2EAE277D6955006F1FF9 /* ModelData.swift */; };
		B69B2EB2277D69BF006F1FF9 /* landmarkData.json in Resources */ = {isa = PBXBuildFile; fileRef = B69B2EB1277D69BF006F1FF9 /* landmarkData.json */; };
		B69B2EB4277D7630006F1FF9 /* ToggleRow.swift in Sources */ = {isa = PBXBuildFile; fileRef = B69B2EB3277D7630006F1FF9 /* ToggleRow.swift */; };
		B69B2EB8277D8199006F1FF9 /* LandmarkDetailViewController.swift in Sources */ = {isa = PBXBuildFile; fileRef = B69B2EB7277D8199006F1FF9 /* LandmarkDetailViewController.swift */; };
		B69B2EBA277D81D3006F1FF9 /* CircleImageView.swift in Sources */ = {isa = PBXBuildFile; fileRef = B69B2EB9277D81D3006F1FF9 /* CircleImageView.swift */; };
		B69B2EBC277D8CC1006F1FF9 /* MapView.swift in Sources */ = {isa = PBXBuildFile; fileRef = B69B2EBB277D8CC1006F1FF9 /* MapView.swift */; };
		B6D0CEBA277983C700031EDB /* SimpleViewController.swift in Sources */ = {isa = PBXBuildFile; fileRef = B6D0CEB9277983C700031EDB /* SimpleViewController.swift */; };
		B6D0CEBD2779AF5F00031EDB /* CollectionViewController.swift in Sources */ = {isa = PBXBuildFile; fileRef = B6D0CEBC2779AF5F00031EDB /* CollectionViewController.swift */; };
		B6D0CECB277B100000031EDB /* GithubModel.swift in Sources */ = {isa = PBXBuildFile; fileRef = B6D0CEC5277B100000031EDB /* GithubModel.swift */; };
		B6D0CECC277B100000031EDB /* GithubSearchCollectionViewCell.swift in Sources */ = {isa = PBXBuildFile; fileRef = B6D0CEC8277B100000031EDB /* GithubSearchCollectionViewCell.swift */; };
		B6D0CECD277B100000031EDB /* GithubSearchCollectionViewController.swift in Sources */ = {isa = PBXBuildFile; fileRef = B6D0CEC9277B100000031EDB /* GithubSearchCollectionViewController.swift */; };
		B6D0CECE277B100000031EDB /* GithubSearchPresenter.swift in Sources */ = {isa = PBXBuildFile; fileRef = B6D0CECA277B100000031EDB /* GithubSearchPresenter.swift */; };
		B6D0CED0277B120900031EDB /* GithubAPI.swift in Sources */ = {isa = PBXBuildFile; fileRef = B6D0CECF277B120900031EDB /* GithubAPI.swift */; };
/* End PBXBuildFile section */

/* Begin PBXFileReference section */
		B601AB0D27761CA600B57E0F /* DeclarativeUIKitDemo.app */ = {isa = PBXFileReference; explicitFileType = wrapper.application; includeInIndex = 0; path = DeclarativeUIKitDemo.app; sourceTree = BUILT_PRODUCTS_DIR; };
		B601AB1027761CA600B57E0F /* AppDelegate.swift */ = {isa = PBXFileReference; lastKnownFileType = sourcecode.swift; path = AppDelegate.swift; sourceTree = "<group>"; };
		B601AB1227761CA600B57E0F /* SceneDelegate.swift */ = {isa = PBXFileReference; lastKnownFileType = sourcecode.swift; path = SceneDelegate.swift; sourceTree = "<group>"; };
		B601AB1427761CA600B57E0F /* RootViewController.swift */ = {isa = PBXFileReference; lastKnownFileType = sourcecode.swift; path = RootViewController.swift; sourceTree = "<group>"; };
		B601AB1927761CA800B57E0F /* Assets.xcassets */ = {isa = PBXFileReference; lastKnownFileType = folder.assetcatalog; path = Assets.xcassets; sourceTree = "<group>"; };
		B601AB1C27761CA800B57E0F /* Base */ = {isa = PBXFileReference; lastKnownFileType = file.storyboard; name = Base; path = Base.lproj/LaunchScreen.storyboard; sourceTree = "<group>"; };
		B601AB1E27761CA800B57E0F /* Info.plist */ = {isa = PBXFileReference; lastKnownFileType = text.plist.xml; path = Info.plist; sourceTree = "<group>"; };
		B601AB2427761CFB00B57E0F /* DeclarativeUIKit */ = {isa = PBXFileReference; lastKnownFileType = wrapper; name = DeclarativeUIKit; path = ..; sourceTree = "<group>"; };
		B63FFA97277B4AE900209684 /* GithubResultWebViewContrller.swift */ = {isa = PBXFileReference; lastKnownFileType = sourcecode.swift; path = GithubResultWebViewContrller.swift; sourceTree = "<group>"; };
		B63FFA99277B4C1400209684 /* GithubResultWebPresenter.swift */ = {isa = PBXFileReference; lastKnownFileType = sourcecode.swift; path = GithubResultWebPresenter.swift; sourceTree = "<group>"; };
		B69B2EA5277D6219006F1FF9 /* LandmarkListViewController.swift */ = {isa = PBXFileReference; lastKnownFileType = sourcecode.swift; path = LandmarkListViewController.swift; sourceTree = "<group>"; };
		B69B2EA7277D685C006F1FF9 /* LandmarkRow.swift */ = {isa = PBXFileReference; lastKnownFileType = sourcecode.swift; path = LandmarkRow.swift; sourceTree = "<group>"; };
		B69B2EAC277D6937006F1FF9 /* Landmark.swift */ = {isa = PBXFileReference; lastKnownFileType = sourcecode.swift; path = Landmark.swift; sourceTree = "<group>"; };
		B69B2EAE277D6955006F1FF9 /* ModelData.swift */ = {isa = PBXFileReference; lastKnownFileType = sourcecode.swift; path = ModelData.swift; sourceTree = "<group>"; };
		B69B2EB1277D69BF006F1FF9 /* landmarkData.json */ = {isa = PBXFileReference; lastKnownFileType = text.json; path = landmarkData.json; sourceTree = "<group>"; };
		B69B2EB3277D7630006F1FF9 /* ToggleRow.swift */ = {isa = PBXFileReference; lastKnownFileType = sourcecode.swift; path = ToggleRow.swift; sourceTree = "<group>"; };
		B69B2EB7277D8199006F1FF9 /* LandmarkDetailViewController.swift */ = {isa = PBXFileReference; lastKnownFileType = sourcecode.swift; path = LandmarkDetailViewController.swift; sourceTree = "<group>"; };
		B69B2EB9277D81D3006F1FF9 /* CircleImageView.swift */ = {isa = PBXFileReference; lastKnownFileType = sourcecode.swift; path = CircleImageView.swift; sourceTree = "<group>"; };
		B69B2EBB277D8CC1006F1FF9 /* MapView.swift */ = {isa = PBXFileReference; lastKnownFileType = sourcecode.swift; path = MapView.swift; sourceTree = "<group>"; };
		B6D0CEB9277983C700031EDB /* SimpleViewController.swift */ = {isa = PBXFileReference; lastKnownFileType = sourcecode.swift; path = SimpleViewController.swift; sourceTree = "<group>"; };
		B6D0CEBC2779AF5F00031EDB /* CollectionViewController.swift */ = {isa = PBXFileReference; lastKnownFileType = sourcecode.swift; path = CollectionViewController.swift; sourceTree = "<group>"; };
		B6D0CEC5277B100000031EDB /* GithubModel.swift */ = {isa = PBXFileReference; fileEncoding = 4; lastKnownFileType = sourcecode.swift; path = GithubModel.swift; sourceTree = "<group>"; };
		B6D0CEC8277B100000031EDB /* GithubSearchCollectionViewCell.swift */ = {isa = PBXFileReference; fileEncoding = 4; lastKnownFileType = sourcecode.swift; path = GithubSearchCollectionViewCell.swift; sourceTree = "<group>"; };
		B6D0CEC9277B100000031EDB /* GithubSearchCollectionViewController.swift */ = {isa = PBXFileReference; fileEncoding = 4; lastKnownFileType = sourcecode.swift; path = GithubSearchCollectionViewController.swift; sourceTree = "<group>"; };
		B6D0CECA277B100000031EDB /* GithubSearchPresenter.swift */ = {isa = PBXFileReference; fileEncoding = 4; lastKnownFileType = sourcecode.swift; path = GithubSearchPresenter.swift; sourceTree = "<group>"; };
		B6D0CECF277B120900031EDB /* GithubAPI.swift */ = {isa = PBXFileReference; lastKnownFileType = sourcecode.swift; path = GithubAPI.swift; sourceTree = "<group>"; };
/* End PBXFileReference section */

/* Begin PBXFrameworksBuildPhase section */
		B601AB0A27761CA600B57E0F /* Frameworks */ = {
			isa = PBXFrameworksBuildPhase;
			buildActionMask = 2147483647;
			files = (
				B601AB2727761D4600B57E0F /* DeclarativeUIKit in Frameworks */,
			);
			runOnlyForDeploymentPostprocessing = 0;
		};
/* End PBXFrameworksBuildPhase section */

/* Begin PBXGroup section */
		B601AB0427761CA600B57E0F = {
			isa = PBXGroup;
			children = (
				B601AB2427761CFB00B57E0F /* DeclarativeUIKit */,
				B601AB0F27761CA600B57E0F /* DeclarativeUIKitDemo */,
				B601AB0E27761CA600B57E0F /* Products */,
				B601AB2527761D4600B57E0F /* Frameworks */,
			);
			sourceTree = "<group>";
		};
		B601AB0E27761CA600B57E0F /* Products */ = {
			isa = PBXGroup;
			children = (
				B601AB0D27761CA600B57E0F /* DeclarativeUIKitDemo.app */,
			);
			name = Products;
			sourceTree = "<group>";
		};
		B601AB0F27761CA600B57E0F /* DeclarativeUIKitDemo */ = {
			isa = PBXGroup;
			children = (
				B69B2EA4277D61FE006F1FF9 /* CopyAppleSwiftUITutorial */,
				B63FFA9C277BF40700209684 /* Collection */,
				B63FFA9B277BF3FA00209684 /* Simple */,
				B601AB1E27761CA800B57E0F /* Info.plist */,
				B6D0CEC4277B100000031EDB /* Github */,
				B601AB1027761CA600B57E0F /* AppDelegate.swift */,
				B601AB1427761CA600B57E0F /* RootViewController.swift */,
				B601AB1227761CA600B57E0F /* SceneDelegate.swift */,
				B601AB1927761CA800B57E0F /* Assets.xcassets */,
				B601AB1B27761CA800B57E0F /* LaunchScreen.storyboard */,
			);
			path = DeclarativeUIKitDemo;
			sourceTree = "<group>";
		};
		B601AB2527761D4600B57E0F /* Frameworks */ = {
			isa = PBXGroup;
			children = (
			);
			name = Frameworks;
			sourceTree = "<group>";
		};
		B63FFA9B277BF3FA00209684 /* Simple */ = {
			isa = PBXGroup;
			children = (
				B6D0CEB9277983C700031EDB /* SimpleViewController.swift */,
			);
			path = Simple;
			sourceTree = "<group>";
		};
		B63FFA9C277BF40700209684 /* Collection */ = {
			isa = PBXGroup;
			children = (
				B6D0CEBC2779AF5F00031EDB /* CollectionViewController.swift */,
			);
			path = Collection;
			sourceTree = "<group>";
		};
		B69B2EA4277D61FE006F1FF9 /* CopyAppleSwiftUITutorial */ = {
			isa = PBXGroup;
			children = (
				B69B2EB0277D6989006F1FF9 /* Resource */,
				B69B2EAA277D6914006F1FF9 /* Model */,
				B69B2EA9277D6905006F1FF9 /* View */,
			);
			path = CopyAppleSwiftUITutorial;
			sourceTree = "<group>";
		};
		B69B2EA9277D6905006F1FF9 /* View */ = {
			isa = PBXGroup;
			children = (
				B69B2EB6277D7ECF006F1FF9 /* LandmarkDetail */,
				B69B2EB5277D7EC1006F1FF9 /* LandmarkList */,
			);
			path = View;
			sourceTree = "<group>";
		};
		B69B2EAA277D6914006F1FF9 /* Model */ = {
			isa = PBXGroup;
			children = (
				B69B2EAC277D6937006F1FF9 /* Landmark.swift */,
				B69B2EAE277D6955006F1FF9 /* ModelData.swift */,
			);
			path = Model;
			sourceTree = "<group>";
		};
		B69B2EB0277D6989006F1FF9 /* Resource */ = {
			isa = PBXGroup;
			children = (
				B69B2EB1277D69BF006F1FF9 /* landmarkData.json */,
			);
			path = Resource;
			sourceTree = "<group>";
		};
		B69B2EB5277D7EC1006F1FF9 /* LandmarkList */ = {
			isa = PBXGroup;
			children = (
				B69B2EA5277D6219006F1FF9 /* LandmarkListViewController.swift */,
				B69B2EA7277D685C006F1FF9 /* LandmarkRow.swift */,
				B69B2EB3277D7630006F1FF9 /* ToggleRow.swift */,
			);
			path = LandmarkList;
			sourceTree = "<group>";
		};
		B69B2EB6277D7ECF006F1FF9 /* LandmarkDetail */ = {
			isa = PBXGroup;
			children = (
				B69B2EB7277D8199006F1FF9 /* LandmarkDetailViewController.swift */,
				B69B2EB9277D81D3006F1FF9 /* CircleImageView.swift */,
				B69B2EBB277D8CC1006F1FF9 /* MapView.swift */,
			);
			path = LandmarkDetail;
			sourceTree = "<group>";
		};
		B6D0CEC4277B100000031EDB /* Github */ = {
			isa = PBXGroup;
			children = (
				B6D0CEC5277B100000031EDB /* GithubModel.swift */,
				B6D0CEC6277B100000031EDB /* GithubResultWeb */,
				B6D0CEC7277B100000031EDB /* GithubSearch */,
				B6D0CECF277B120900031EDB /* GithubAPI.swift */,
			);
			path = Github;
			sourceTree = "<group>";
		};
		B6D0CEC6277B100000031EDB /* GithubResultWeb */ = {
			isa = PBXGroup;
			children = (
				B63FFA97277B4AE900209684 /* GithubResultWebViewContrller.swift */,
				B63FFA99277B4C1400209684 /* GithubResultWebPresenter.swift */,
			);
			path = GithubResultWeb;
			sourceTree = "<group>";
		};
		B6D0CEC7277B100000031EDB /* GithubSearch */ = {
			isa = PBXGroup;
			children = (
				B6D0CEC8277B100000031EDB /* GithubSearchCollectionViewCell.swift */,
				B6D0CEC9277B100000031EDB /* GithubSearchCollectionViewController.swift */,
				B6D0CECA277B100000031EDB /* GithubSearchPresenter.swift */,
			);
			path = GithubSearch;
			sourceTree = "<group>";
		};
/* End PBXGroup section */

/* Begin PBXNativeTarget section */
		B601AB0C27761CA600B57E0F /* DeclarativeUIKitDemo */ = {
			isa = PBXNativeTarget;
			buildConfigurationList = B601AB2127761CA800B57E0F /* Build configuration list for PBXNativeTarget "DeclarativeUIKitDemo" */;
			buildPhases = (
				B601AB0927761CA600B57E0F /* Sources */,
				B601AB0A27761CA600B57E0F /* Frameworks */,
				B601AB0B27761CA600B57E0F /* Resources */,
			);
			buildRules = (
			);
			dependencies = (
			);
			name = DeclarativeUIKitDemo;
			packageProductDependencies = (
				B601AB2627761D4600B57E0F /* DeclarativeUIKit */,
			);
			productName = DeclarativeUIKitDemo;
			productReference = B601AB0D27761CA600B57E0F /* DeclarativeUIKitDemo.app */;
			productType = "com.apple.product-type.application";
		};
/* End PBXNativeTarget section */

/* Begin PBXProject section */
		B601AB0527761CA600B57E0F /* Project object */ = {
			isa = PBXProject;
			attributes = {
				BuildIndependentTargetsInParallel = 1;
				LastSwiftUpdateCheck = 1320;
				LastUpgradeCheck = 1320;
				TargetAttributes = {
					B601AB0C27761CA600B57E0F = {
						CreatedOnToolsVersion = 13.2.1;
					};
				};
			};
			buildConfigurationList = B601AB0827761CA600B57E0F /* Build configuration list for PBXProject "DeclarativeUIKitDemo" */;
			compatibilityVersion = "Xcode 13.0";
			developmentRegion = en;
			hasScannedForEncodings = 0;
			knownRegions = (
				en,
				Base,
			);
			mainGroup = B601AB0427761CA600B57E0F;
			productRefGroup = B601AB0E27761CA600B57E0F /* Products */;
			projectDirPath = "";
			projectRoot = "";
			targets = (
				B601AB0C27761CA600B57E0F /* DeclarativeUIKitDemo */,
			);
		};
/* End PBXProject section */

/* Begin PBXResourcesBuildPhase section */
		B601AB0B27761CA600B57E0F /* Resources */ = {
			isa = PBXResourcesBuildPhase;
			buildActionMask = 2147483647;
			files = (
				B601AB1D27761CA800B57E0F /* LaunchScreen.storyboard in Resources */,
				B601AB1A27761CA800B57E0F /* Assets.xcassets in Resources */,
				B69B2EB2277D69BF006F1FF9 /* landmarkData.json in Resources */,
			);
			runOnlyForDeploymentPostprocessing = 0;
		};
/* End PBXResourcesBuildPhase section */

/* Begin PBXSourcesBuildPhase section */
		B601AB0927761CA600B57E0F /* Sources */ = {
			isa = PBXSourcesBuildPhase;
			buildActionMask = 2147483647;
			files = (
				B6D0CECD277B100000031EDB /* GithubSearchCollectionViewController.swift in Sources */,
				B601AB1527761CA600B57E0F /* RootViewController.swift in Sources */,
				B6D0CECE277B100000031EDB /* GithubSearchPresenter.swift in Sources */,
				B69B2EB8277D8199006F1FF9 /* LandmarkDetailViewController.swift in Sources */,
				B69B2EB4277D7630006F1FF9 /* ToggleRow.swift in Sources */,
				B601AB1127761CA600B57E0F /* AppDelegate.swift in Sources */,
				B63FFA9A277B4C1400209684 /* GithubResultWebPresenter.swift in Sources */,
				B69B2EAF277D6955006F1FF9 /* ModelData.swift in Sources */,
				B6D0CEBA277983C700031EDB /* SimpleViewController.swift in Sources */,
				B69B2EA6277D6219006F1FF9 /* LandmarkListViewController.swift in Sources */,
				B6D0CECB277B100000031EDB /* GithubModel.swift in Sources */,
				B601AB1327761CA600B57E0F /* SceneDelegate.swift in Sources */,
				B69B2EBA277D81D3006F1FF9 /* CircleImageView.swift in Sources */,
				B6D0CEBD2779AF5F00031EDB /* CollectionViewController.swift in Sources */,
				B63FFA98277B4AE900209684 /* GithubResultWebViewContrller.swift in Sources */,
				B6D0CED0277B120900031EDB /* GithubAPI.swift in Sources */,
				B69B2EA8277D685C006F1FF9 /* LandmarkRow.swift in Sources */,
				B69B2EBC277D8CC1006F1FF9 /* MapView.swift in Sources */,
				B6D0CECC277B100000031EDB /* GithubSearchCollectionViewCell.swift in Sources */,
				B69B2EAD277D6937006F1FF9 /* Landmark.swift in Sources */,
			);
			runOnlyForDeploymentPostprocessing = 0;
		};
/* End PBXSourcesBuildPhase section */

/* Begin PBXVariantGroup section */
		B601AB1B27761CA800B57E0F /* LaunchScreen.storyboard */ = {
			isa = PBXVariantGroup;
			children = (
				B601AB1C27761CA800B57E0F /* Base */,
			);
			name = LaunchScreen.storyboard;
			sourceTree = "<group>";
		};
/* End PBXVariantGroup section */

/* Begin XCBuildConfiguration section */
		B601AB1F27761CA800B57E0F /* Debug */ = {
			isa = XCBuildConfiguration;
			buildSettings = {
				ALWAYS_SEARCH_USER_PATHS = NO;
				CLANG_ANALYZER_NONNULL = YES;
				CLANG_ANALYZER_NUMBER_OBJECT_CONVERSION = YES_AGGRESSIVE;
				CLANG_CXX_LANGUAGE_STANDARD = "gnu++17";
				CLANG_CXX_LIBRARY = "libc++";
				CLANG_ENABLE_MODULES = YES;
				CLANG_ENABLE_OBJC_ARC = YES;
				CLANG_ENABLE_OBJC_WEAK = YES;
				CLANG_WARN_BLOCK_CAPTURE_AUTORELEASING = YES;
				CLANG_WARN_BOOL_CONVERSION = YES;
				CLANG_WARN_COMMA = YES;
				CLANG_WARN_CONSTANT_CONVERSION = YES;
				CLANG_WARN_DEPRECATED_OBJC_IMPLEMENTATIONS = YES;
				CLANG_WARN_DIRECT_OBJC_ISA_USAGE = YES_ERROR;
				CLANG_WARN_DOCUMENTATION_COMMENTS = YES;
				CLANG_WARN_EMPTY_BODY = YES;
				CLANG_WARN_ENUM_CONVERSION = YES;
				CLANG_WARN_INFINITE_RECURSION = YES;
				CLANG_WARN_INT_CONVERSION = YES;
				CLANG_WARN_NON_LITERAL_NULL_CONVERSION = YES;
				CLANG_WARN_OBJC_IMPLICIT_RETAIN_SELF = YES;
				CLANG_WARN_OBJC_LITERAL_CONVERSION = YES;
				CLANG_WARN_OBJC_ROOT_CLASS = YES_ERROR;
				CLANG_WARN_QUOTED_INCLUDE_IN_FRAMEWORK_HEADER = YES;
				CLANG_WARN_RANGE_LOOP_ANALYSIS = YES;
				CLANG_WARN_STRICT_PROTOTYPES = YES;
				CLANG_WARN_SUSPICIOUS_MOVE = YES;
				CLANG_WARN_UNGUARDED_AVAILABILITY = YES_AGGRESSIVE;
				CLANG_WARN_UNREACHABLE_CODE = YES;
				CLANG_WARN__DUPLICATE_METHOD_MATCH = YES;
				COPY_PHASE_STRIP = NO;
				DEBUG_INFORMATION_FORMAT = dwarf;
				ENABLE_STRICT_OBJC_MSGSEND = YES;
				ENABLE_TESTABILITY = YES;
				GCC_C_LANGUAGE_STANDARD = gnu11;
				GCC_DYNAMIC_NO_PIC = NO;
				GCC_NO_COMMON_BLOCKS = YES;
				GCC_OPTIMIZATION_LEVEL = 0;
				GCC_PREPROCESSOR_DEFINITIONS = (
					"DEBUG=1",
					"$(inherited)",
				);
				GCC_WARN_64_TO_32_BIT_CONVERSION = YES;
				GCC_WARN_ABOUT_RETURN_TYPE = YES_ERROR;
				GCC_WARN_UNDECLARED_SELECTOR = YES;
				GCC_WARN_UNINITIALIZED_AUTOS = YES_AGGRESSIVE;
				GCC_WARN_UNUSED_FUNCTION = YES;
				GCC_WARN_UNUSED_VARIABLE = YES;
				IPHONEOS_DEPLOYMENT_TARGET = 13.0;
				MTL_ENABLE_DEBUG_INFO = INCLUDE_SOURCE;
				MTL_FAST_MATH = YES;
				ONLY_ACTIVE_ARCH = YES;
				SDKROOT = iphoneos;
				SWIFT_ACTIVE_COMPILATION_CONDITIONS = DEBUG;
				SWIFT_OPTIMIZATION_LEVEL = "-Onone";
			};
			name = Debug;
		};
		B601AB2027761CA800B57E0F /* Release */ = {
			isa = XCBuildConfiguration;
			buildSettings = {
				ALWAYS_SEARCH_USER_PATHS = NO;
				CLANG_ANALYZER_NONNULL = YES;
				CLANG_ANALYZER_NUMBER_OBJECT_CONVERSION = YES_AGGRESSIVE;
				CLANG_CXX_LANGUAGE_STANDARD = "gnu++17";
				CLANG_CXX_LIBRARY = "libc++";
				CLANG_ENABLE_MODULES = YES;
				CLANG_ENABLE_OBJC_ARC = YES;
				CLANG_ENABLE_OBJC_WEAK = YES;
				CLANG_WARN_BLOCK_CAPTURE_AUTORELEASING = YES;
				CLANG_WARN_BOOL_CONVERSION = YES;
				CLANG_WARN_COMMA = YES;
				CLANG_WARN_CONSTANT_CONVERSION = YES;
				CLANG_WARN_DEPRECATED_OBJC_IMPLEMENTATIONS = YES;
				CLANG_WARN_DIRECT_OBJC_ISA_USAGE = YES_ERROR;
				CLANG_WARN_DOCUMENTATION_COMMENTS = YES;
				CLANG_WARN_EMPTY_BODY = YES;
				CLANG_WARN_ENUM_CONVERSION = YES;
				CLANG_WARN_INFINITE_RECURSION = YES;
				CLANG_WARN_INT_CONVERSION = YES;
				CLANG_WARN_NON_LITERAL_NULL_CONVERSION = YES;
				CLANG_WARN_OBJC_IMPLICIT_RETAIN_SELF = YES;
				CLANG_WARN_OBJC_LITERAL_CONVERSION = YES;
				CLANG_WARN_OBJC_ROOT_CLASS = YES_ERROR;
				CLANG_WARN_QUOTED_INCLUDE_IN_FRAMEWORK_HEADER = YES;
				CLANG_WARN_RANGE_LOOP_ANALYSIS = YES;
				CLANG_WARN_STRICT_PROTOTYPES = YES;
				CLANG_WARN_SUSPICIOUS_MOVE = YES;
				CLANG_WARN_UNGUARDED_AVAILABILITY = YES_AGGRESSIVE;
				CLANG_WARN_UNREACHABLE_CODE = YES;
				CLANG_WARN__DUPLICATE_METHOD_MATCH = YES;
				COPY_PHASE_STRIP = NO;
				DEBUG_INFORMATION_FORMAT = "dwarf-with-dsym";
				ENABLE_NS_ASSERTIONS = NO;
				ENABLE_STRICT_OBJC_MSGSEND = YES;
				GCC_C_LANGUAGE_STANDARD = gnu11;
				GCC_NO_COMMON_BLOCKS = YES;
				GCC_WARN_64_TO_32_BIT_CONVERSION = YES;
				GCC_WARN_ABOUT_RETURN_TYPE = YES_ERROR;
				GCC_WARN_UNDECLARED_SELECTOR = YES;
				GCC_WARN_UNINITIALIZED_AUTOS = YES_AGGRESSIVE;
				GCC_WARN_UNUSED_FUNCTION = YES;
				GCC_WARN_UNUSED_VARIABLE = YES;
				IPHONEOS_DEPLOYMENT_TARGET = 13.0;
				MTL_ENABLE_DEBUG_INFO = NO;
				MTL_FAST_MATH = YES;
				SDKROOT = iphoneos;
				SWIFT_COMPILATION_MODE = wholemodule;
				SWIFT_OPTIMIZATION_LEVEL = "-O";
				VALIDATE_PRODUCT = YES;
			};
			name = Release;
		};
		B601AB2227761CA800B57E0F /* Debug */ = {
			isa = XCBuildConfiguration;
			buildSettings = {
				ASSETCATALOG_COMPILER_APPICON_NAME = AppIcon;
				ASSETCATALOG_COMPILER_GLOBAL_ACCENT_COLOR_NAME = AccentColor;
				CODE_SIGN_STYLE = Automatic;
				CURRENT_PROJECT_VERSION = 1;
				GENERATE_INFOPLIST_FILE = YES;
				INFOPLIST_FILE = DeclarativeUIKitDemo/Info.plist;
				INFOPLIST_KEY_UIApplicationSupportsIndirectInputEvents = YES;
				INFOPLIST_KEY_UILaunchStoryboardName = LaunchScreen;
				INFOPLIST_KEY_UISupportedInterfaceOrientations_iPad = "UIInterfaceOrientationPortrait UIInterfaceOrientationPortraitUpsideDown UIInterfaceOrientationLandscapeLeft UIInterfaceOrientationLandscapeRight";
				INFOPLIST_KEY_UISupportedInterfaceOrientations_iPhone = "UIInterfaceOrientationPortrait UIInterfaceOrientationLandscapeLeft UIInterfaceOrientationLandscapeRight";
				LD_RUNPATH_SEARCH_PATHS = (
					"$(inherited)",
					"@executable_path/Frameworks",
				);
				MARKETING_VERSION = 1.0;
				PRODUCT_BUNDLE_IDENTIFIER = com.sakiyamaK.DeclarativeUIKitDemo;
				PRODUCT_NAME = "$(TARGET_NAME)";
				SWIFT_EMIT_LOC_STRINGS = YES;
				SWIFT_VERSION = 5.0;
				TARGETED_DEVICE_FAMILY = "1,2";
			};
			name = Debug;
		};
		B601AB2327761CA800B57E0F /* Release */ = {
			isa = XCBuildConfiguration;
			buildSettings = {
				ASSETCATALOG_COMPILER_APPICON_NAME = AppIcon;
				ASSETCATALOG_COMPILER_GLOBAL_ACCENT_COLOR_NAME = AccentColor;
				CODE_SIGN_STYLE = Automatic;
				CURRENT_PROJECT_VERSION = 1;
				GENERATE_INFOPLIST_FILE = YES;
				INFOPLIST_FILE = DeclarativeUIKitDemo/Info.plist;
				INFOPLIST_KEY_UIApplicationSupportsIndirectInputEvents = YES;
				INFOPLIST_KEY_UILaunchStoryboardName = LaunchScreen;
				INFOPLIST_KEY_UISupportedInterfaceOrientations_iPad = "UIInterfaceOrientationPortrait UIInterfaceOrientationPortraitUpsideDown UIInterfaceOrientationLandscapeLeft UIInterfaceOrientationLandscapeRight";
				INFOPLIST_KEY_UISupportedInterfaceOrientations_iPhone = "UIInterfaceOrientationPortrait UIInterfaceOrientationLandscapeLeft UIInterfaceOrientationLandscapeRight";
				LD_RUNPATH_SEARCH_PATHS = (
					"$(inherited)",
					"@executable_path/Frameworks",
				);
				MARKETING_VERSION = 1.0;
				PRODUCT_BUNDLE_IDENTIFIER = com.sakiyamaK.DeclarativeUIKitDemo;
				PRODUCT_NAME = "$(TARGET_NAME)";
				SWIFT_EMIT_LOC_STRINGS = YES;
				SWIFT_VERSION = 5.0;
				TARGETED_DEVICE_FAMILY = "1,2";
			};
			name = Release;
		};
/* End XCBuildConfiguration section */

/* Begin XCConfigurationList section */
		B601AB0827761CA600B57E0F /* Build configuration list for PBXProject "DeclarativeUIKitDemo" */ = {
			isa = XCConfigurationList;
			buildConfigurations = (
				B601AB1F27761CA800B57E0F /* Debug */,
				B601AB2027761CA800B57E0F /* Release */,
			);
			defaultConfigurationIsVisible = 0;
			defaultConfigurationName = Release;
		};
		B601AB2127761CA800B57E0F /* Build configuration list for PBXNativeTarget "DeclarativeUIKitDemo" */ = {
			isa = XCConfigurationList;
			buildConfigurations = (
				B601AB2227761CA800B57E0F /* Debug */,
				B601AB2327761CA800B57E0F /* Release */,
			);
			defaultConfigurationIsVisible = 0;
			defaultConfigurationName = Release;
		};
/* End XCConfigurationList section */

/* Begin XCSwiftPackageProductDependency section */
		B601AB2627761D4600B57E0F /* DeclarativeUIKit */ = {
			isa = XCSwiftPackageProductDependency;
			productName = DeclarativeUIKit;
		};
/* End XCSwiftPackageProductDependency section */
	};
	rootObject = B601AB0527761CA600B57E0F /* Project object */;
}
